
Microsoft Visual Studio Solution File, Format Version 12.00
# Visual Studio Version 16
VisualStudioVersion = 16.0.30907.101
MinimumVisualStudioVersion = 10.0.40219.1
Project("{FAE04EC0-301F-11D3-BF4B-00C04F79EFBC}") = "Web API Asp-Net-Core  Com Angular", "Web API Asp-Net-Core  Com Angular\Web API Asp-Net-Core  Com Angular.csproj", "{C958B119-A6C6-415F-AC6B-81C973FE8705}"
EndProject
Global
	GlobalSection(SolutionConfigurationPlatforms) = preSolution
		Debug|Any CPU = Debug|Any CPU
		Release|Any CPU = Release|Any CPU
	EndGlobalSection
	GlobalSection(ProjectConfigurationPlatforms) = postSolution
		{C958B119-A6C6-415F-AC6B-81C973FE8705}.Debug|Any CPU.ActiveCfg = Debug|Any CPU
		{C958B119-A6C6-415F-AC6B-81C973FE8705}.Debug|Any CPU.Build.0 = Debug|Any CPU
		{C958B119-A6C6-415F-AC6B-81C973FE8705}.Release|Any CPU.ActiveCfg = Release|Any CPU
		{C958B119-A6C6-415F-AC6B-81C973FE8705}.Release|Any CPU.Build.0 = Release|Any CPU
	EndGlobalSection
	GlobalSection(SolutionProperties) = preSolution
		HideSolutionNode = FALSE
	EndGlobalSection
	GlobalSection(ExtensibilityGlobals) = postSolution
		SolutionGuid = {DEE3CF6A-DFA5-44A3-BB20-1D5DA1144ED7}
	EndGlobalSection
EndGlobal
